
Microsoft Visual Studio Solution File, Format Version 12.00
# Visual Studio Version 16
VisualStudioVersion = 16.0.32602.291
MinimumVisualStudioVersion = 10.0.40219.1
Project("{9A19103F-16F7-4668-BE54-9A1E7A4F7556}") = "YungChingWebAPI", "YungChingWebAPI\YungChingWebAPI.csproj", "{EA6AEE1F-849C-422B-9CED-21C956326120}"
EndProject
Project("{2150E333-8FDC-42A3-9474-1A3956D46DE8}") = "01.", "01.", "{BE50CE5F-8918-418A-998B-22F310BF7749}"
EndProject
Project("{2150E333-8FDC-42A3-9474-1A3956D46DE8}") = "02.BAL", "02.BAL", "{AC53269E-5BD1-4D8F-89C8-7B9A69E8CCF5}"
EndProject
Project("{2150E333-8FDC-42A3-9474-1A3956D46DE8}") = "03.DAL", "03.DAL", "{E936E605-A2D8-4FEE-9947-28654C812770}"
EndProject
Project("{2150E333-8FDC-42A3-9474-1A3956D46DE8}") = "04.Model", "04.Model", "{160AAB92-9582-410E-96DE-6AA9C65DCDC7}"
EndProject
Project("{2150E333-8FDC-42A3-9474-1A3956D46DE8}") = "05.INFRASTURCTURE", "05.INFRASTURCTURE", "{DFB86CCB-62AF-496E-B418-63117165F75D}"
EndProject
Project("{FAE04EC0-301F-11D3-BF4B-00C04F79EFBC}") = "LogicService", "LogicService\LogicService.csproj", "{C3EBC407-ABCB-40A3-923D-43E08A6FA3D0}"
EndProject
Project("{FAE04EC0-301F-11D3-BF4B-00C04F79EFBC}") = "DataService", "DataService\DataService.csproj", "{6C5651C8-72B0-4562-8C8E-0BDC7D2749DA}"
EndProject
Project("{FAE04EC0-301F-11D3-BF4B-00C04F79EFBC}") = "RepositoryModel", "RepositoryModel\RepositoryModel.csproj", "{CCB73EF2-4FA9-4DD2-9D0F-DAB888C0650B}"
EndProject
Project("{FAE04EC0-301F-11D3-BF4B-00C04F79EFBC}") = "RequestResponseModel", "RequestResponseModel\RequestResponseModel.csproj", "{6EDB3DF9-C46F-4FE7-8CE0-94BA31C134D8}"
EndProject
Project("{FAE04EC0-301F-11D3-BF4B-00C04F79EFBC}") = "Utility", "Utility\Utility.csproj", "{FBEB0E6C-A2E0-4F72-A80F-5BB8F79A500C}"
EndProject
Global
	GlobalSection(SolutionConfigurationPlatforms) = preSolution
		Debug|Any CPU = Debug|Any CPU
		Release|Any CPU = Release|Any CPU
	EndGlobalSection
	GlobalSection(ProjectConfigurationPlatforms) = postSolution
		{EA6AEE1F-849C-422B-9CED-21C956326120}.Debug|Any CPU.ActiveCfg = Debug|Any CPU
		{EA6AEE1F-849C-422B-9CED-21C956326120}.Debug|Any CPU.Build.0 = Debug|Any CPU
		{EA6AEE1F-849C-422B-9CED-21C956326120}.Release|Any CPU.ActiveCfg = Release|Any CPU
		{EA6AEE1F-849C-422B-9CED-21C956326120}.Release|Any CPU.Build.0 = Release|Any CPU
		{C3EBC407-ABCB-40A3-923D-43E08A6FA3D0}.Debug|Any CPU.ActiveCfg = Debug|Any CPU
		{C3EBC407-ABCB-40A3-923D-43E08A6FA3D0}.Debug|Any CPU.Build.0 = Debug|Any CPU
		{C3EBC407-ABCB-40A3-923D-43E08A6FA3D0}.Release|Any CPU.ActiveCfg = Release|Any CPU
		{C3EBC407-ABCB-40A3-923D-43E08A6FA3D0}.Release|Any CPU.Build.0 = Release|Any CPU
		{6C5651C8-72B0-4562-8C8E-0BDC7D2749DA}.Debug|Any CPU.ActiveCfg = Debug|Any CPU
		{6C5651C8-72B0-4562-8C8E-0BDC7D2749DA}.Debug|Any CPU.Build.0 = Debug|Any CPU
		{6C5651C8-72B0-4562-8C8E-0BDC7D2749DA}.Release|Any CPU.ActiveCfg = Release|Any CPU
		{6C5651C8-72B0-4562-8C8E-0BDC7D2749DA}.Release|Any CPU.Build.0 = Release|Any CPU
		{CCB73EF2-4FA9-4DD2-9D0F-DAB888C0650B}.Debug|Any CPU.ActiveCfg = Debug|Any CPU
		{CCB73EF2-4FA9-4DD2-9D0F-DAB888C0650B}.Debug|Any CPU.Build.0 = Debug|Any CPU
		{CCB73EF2-4FA9-4DD2-9D0F-DAB888C0650B}.Release|Any CPU.ActiveCfg = Release|Any CPU
		{CCB73EF2-4FA9-4DD2-9D0F-DAB888C0650B}.Release|Any CPU.Build.0 = Release|Any CPU
		{6EDB3DF9-C46F-4FE7-8CE0-94BA31C134D8}.Debug|Any CPU.ActiveCfg = Debug|Any CPU
		{6EDB3DF9-C46F-4FE7-8CE0-94BA31C134D8}.Debug|Any CPU.Build.0 = Debug|Any CPU
		{6EDB3DF9-C46F-4FE7-8CE0-94BA31C134D8}.Release|Any CPU.ActiveCfg = Release|Any CPU
		{6EDB3DF9-C46F-4FE7-8CE0-94BA31C134D8}.Release|Any CPU.Build.0 = Release|Any CPU
		{FBEB0E6C-A2E0-4F72-A80F-5BB8F79A500C}.Debug|Any CPU.ActiveCfg = Debug|Any CPU
		{FBEB0E6C-A2E0-4F72-A80F-5BB8F79A500C}.Debug|Any CPU.Build.0 = Debug|Any CPU
		{FBEB0E6C-A2E0-4F72-A80F-5BB8F79A500C}.Release|Any CPU.ActiveCfg = Release|Any CPU
		{FBEB0E6C-A2E0-4F72-A80F-5BB8F79A500C}.Release|Any CPU.Build.0 = Release|Any CPU
	EndGlobalSection
	GlobalSection(SolutionProperties) = preSolution
		HideSolutionNode = FALSE
	EndGlobalSection
	GlobalSection(NestedProjects) = preSolution
		{EA6AEE1F-849C-422B-9CED-21C956326120} = {BE50CE5F-8918-418A-998B-22F310BF7749}
		{C3EBC407-ABCB-40A3-923D-43E08A6FA3D0} = {AC53269E-5BD1-4D8F-89C8-7B9A69E8CCF5}
		{6C5651C8-72B0-4562-8C8E-0BDC7D2749DA} = {E936E605-A2D8-4FEE-9947-28654C812770}
		{CCB73EF2-4FA9-4DD2-9D0F-DAB888C0650B} = {160AAB92-9582-410E-96DE-6AA9C65DCDC7}
		{6EDB3DF9-C46F-4FE7-8CE0-94BA31C134D8} = {160AAB92-9582-410E-96DE-6AA9C65DCDC7}
		{FBEB0E6C-A2E0-4F72-A80F-5BB8F79A500C} = {DFB86CCB-62AF-496E-B418-63117165F75D}
	EndGlobalSection
	GlobalSection(ExtensibilityGlobals) = postSolution
		SolutionGuid = {FC57A12B-AD2C-4B76-B8B7-0EAC8B21079E}
	EndGlobalSection
EndGlobal
